
Microsoft Visual Studio Solution File, Format Version 12.00
# Visual Studio Version 17
VisualStudioVersion = 17.3.32929.385
MinimumVisualStudioVersion = 10.0.40219.1
Project("{FAE04EC0-301F-11D3-BF4B-00C04F79EFBC}") = "WarPreparations", "WarPreparations\WarPreparations.csproj", "{ECFC74DC-8A1D-42FA-9B2B-38E608768AAB}"
EndProject
Global
	GlobalSection(SolutionConfigurationPlatforms) = preSolution
		Debug|Any CPU = Debug|Any CPU
		Release|Any CPU = Release|Any CPU
	EndGlobalSection
	GlobalSection(ProjectConfigurationPlatforms) = postSolution
		{ECFC74DC-8A1D-42FA-9B2B-38E608768AAB}.Debug|Any CPU.ActiveCfg = Debug|Any CPU
		{ECFC74DC-8A1D-42FA-9B2B-38E608768AAB}.Debug|Any CPU.Build.0 = Debug|Any CPU
		{ECFC74DC-8A1D-42FA-9B2B-38E608768AAB}.Release|Any CPU.ActiveCfg = Release|Any CPU
		{ECFC74DC-8A1D-42FA-9B2B-38E608768AAB}.Release|Any CPU.Build.0 = Release|Any CPU
	EndGlobalSection
	GlobalSection(SolutionProperties) = preSolution
		HideSolutionNode = FALSE
	EndGlobalSection
	GlobalSection(ExtensibilityGlobals) = postSolution
		SolutionGuid = {1731DDAC-C192-4246-A91F-52BEA6C85C03}
	EndGlobalSection
EndGlobal
