
Microsoft Visual Studio Solution File, Format Version 12.00
# Visual Studio Version 17
VisualStudioVersion = 17.3.32929.385
MinimumVisualStudioVersion = 10.0.40219.1
Project("{FAE04EC0-301F-11D3-BF4B-00C04F79EFBC}") = "RoomCoordinates", "RoomCoordinates\RoomCoordinates.csproj", "{B986A7BB-3BDF-49CD-9B51-6F21B6B61D65}"
EndProject
Global
	GlobalSection(SolutionConfigurationPlatforms) = preSolution
		Debug|Any CPU = Debug|Any CPU
		Release|Any CPU = Release|Any CPU
	EndGlobalSection
	GlobalSection(ProjectConfigurationPlatforms) = postSolution
		{B986A7BB-3BDF-49CD-9B51-6F21B6B61D65}.Debug|Any CPU.ActiveCfg = Debug|Any CPU
		{B986A7BB-3BDF-49CD-9B51-6F21B6B61D65}.Debug|Any CPU.Build.0 = Debug|Any CPU
		{B986A7BB-3BDF-49CD-9B51-6F21B6B61D65}.Release|Any CPU.ActiveCfg = Release|Any CPU
		{B986A7BB-3BDF-49CD-9B51-6F21B6B61D65}.Release|Any CPU.Build.0 = Release|Any CPU
	EndGlobalSection
	GlobalSection(SolutionProperties) = preSolution
		HideSolutionNode = FALSE
	EndGlobalSection
	GlobalSection(ExtensibilityGlobals) = postSolution
		SolutionGuid = {14627000-F1F8-47B3-ABEF-32F5D8CDE878}
	EndGlobalSection
EndGlobal
