
Microsoft Visual Studio Solution File, Format Version 12.00
# Visual Studio Version 17
VisualStudioVersion = 17.3.32922.545
MinimumVisualStudioVersion = 10.0.40219.1
Project("{FAE04EC0-301F-11D3-BF4B-00C04F79EFBC}") = "HuntingTheManticore", "HuntingTheManticore\HuntingTheManticore.csproj", "{DD20629F-F132-4036-B14B-0D77B5D60AF0}"
EndProject
Global
	GlobalSection(SolutionConfigurationPlatforms) = preSolution
		Debug|Any CPU = Debug|Any CPU
		Release|Any CPU = Release|Any CPU
	EndGlobalSection
	GlobalSection(ProjectConfigurationPlatforms) = postSolution
		{DD20629F-F132-4036-B14B-0D77B5D60AF0}.Debug|Any CPU.ActiveCfg = Debug|Any CPU
		{DD20629F-F132-4036-B14B-0D77B5D60AF0}.Debug|Any CPU.Build.0 = Debug|Any CPU
		{DD20629F-F132-4036-B14B-0D77B5D60AF0}.Release|Any CPU.ActiveCfg = Release|Any CPU
		{DD20629F-F132-4036-B14B-0D77B5D60AF0}.Release|Any CPU.Build.0 = Release|Any CPU
	EndGlobalSection
	GlobalSection(SolutionProperties) = preSolution
		HideSolutionNode = FALSE
	EndGlobalSection
	GlobalSection(ExtensibilityGlobals) = postSolution
		SolutionGuid = {5E0BC7DC-645F-48A5-8150-12A2FDCECA26}
	EndGlobalSection
EndGlobal
