
Microsoft Visual Studio Solution File, Format Version 12.00
# Visual Studio Version 17
VisualStudioVersion = 17.3.32922.545
MinimumVisualStudioVersion = 10.0.40219.1
Project("{FAE04EC0-301F-11D3-BF4B-00C04F79EFBC}") = "ThePoint", "ThePoint\ThePoint.csproj", "{BB752A06-B239-46F3-9B16-3A7FC5A5C02F}"
EndProject
Global
	GlobalSection(SolutionConfigurationPlatforms) = preSolution
		Debug|Any CPU = Debug|Any CPU
		Release|Any CPU = Release|Any CPU
	EndGlobalSection
	GlobalSection(ProjectConfigurationPlatforms) = postSolution
		{BB752A06-B239-46F3-9B16-3A7FC5A5C02F}.Debug|Any CPU.ActiveCfg = Debug|Any CPU
		{BB752A06-B239-46F3-9B16-3A7FC5A5C02F}.Debug|Any CPU.Build.0 = Debug|Any CPU
		{BB752A06-B239-46F3-9B16-3A7FC5A5C02F}.Release|Any CPU.ActiveCfg = Release|Any CPU
		{BB752A06-B239-46F3-9B16-3A7FC5A5C02F}.Release|Any CPU.Build.0 = Release|Any CPU
	EndGlobalSection
	GlobalSection(SolutionProperties) = preSolution
		HideSolutionNode = FALSE
	EndGlobalSection
	GlobalSection(ExtensibilityGlobals) = postSolution
		SolutionGuid = {EBE12418-F330-41DB-A0A4-1304B9AD0AE6}
	EndGlobalSection
EndGlobal
