
Microsoft Visual Studio Solution File, Format Version 12.00
# Visual Studio Version 17
VisualStudioVersion = 17.3.32922.545
MinimumVisualStudioVersion = 10.0.40219.1
Project("{FAE04EC0-301F-11D3-BF4B-00C04F79EFBC}") = "Watchtower", "Watchtower\Watchtower.csproj", "{B73183E2-E281-41F0-9838-1461B6DE2C28}"
EndProject
Global
	GlobalSection(SolutionConfigurationPlatforms) = preSolution
		Debug|Any CPU = Debug|Any CPU
		Release|Any CPU = Release|Any CPU
	EndGlobalSection
	GlobalSection(ProjectConfigurationPlatforms) = postSolution
		{B73183E2-E281-41F0-9838-1461B6DE2C28}.Debug|Any CPU.ActiveCfg = Debug|Any CPU
		{B73183E2-E281-41F0-9838-1461B6DE2C28}.Debug|Any CPU.Build.0 = Debug|Any CPU
		{B73183E2-E281-41F0-9838-1461B6DE2C28}.Release|Any CPU.ActiveCfg = Release|Any CPU
		{B73183E2-E281-41F0-9838-1461B6DE2C28}.Release|Any CPU.Build.0 = Release|Any CPU
	EndGlobalSection
	GlobalSection(SolutionProperties) = preSolution
		HideSolutionNode = FALSE
	EndGlobalSection
	GlobalSection(ExtensibilityGlobals) = postSolution
		SolutionGuid = {FA2C1ED0-A5A2-4010-B776-04B507751BC5}
	EndGlobalSection
EndGlobal
